
Microsoft Visual Studio Solution File, Format Version 12.00
# Visual Studio 14
VisualStudioVersion = 14.0.25420.1
MinimumVisualStudioVersion = 10.0.40219.1
Project("{FAE04EC0-301F-11D3-BF4B-00C04F79EFBC}") = "BiblioTK.DAL", "BiblioTK.DAL\BiblioTK.DAL.csproj", "{3C7A6092-ED1C-4FBD-BFAC-95589C337DC8}"
EndProject
Project("{FAE04EC0-301F-11D3-BF4B-00C04F79EFBC}") = "BiblioTK.Infraestructura", "BiblioTK.Infraestructura\BiblioTK.Infraestructura.csproj", "{E13BDAFD-E512-4781-853E-246EA306A832}"
EndProject
Project("{FAE04EC0-301F-11D3-BF4B-00C04F79EFBC}") = "BiblioTK.Modelos", "BiblioTK.Modelos\BiblioTK.Modelos.csproj", "{35CEE7F2-E628-4319-95BD-60FCBC998930}"
EndProject
Project("{F184B08F-C81C-45F6-A57F-5ABD9991F28F}") = "FuncionesVB", "FuncionesVB\FuncionesVB.vbproj", "{B66690BA-A20B-4ABB-A037-33C056FEACAA}"
EndProject
Project("{FAE04EC0-301F-11D3-BF4B-00C04F79EFBC}") = "Testing", "Testing\Testing.csproj", "{4359AABA-131F-4056-97EB-8C78CB091491}"
EndProject
Project("{FAE04EC0-301F-11D3-BF4B-00C04F79EFBC}") = "BiblioTK.Negocio", "BiblioTK.Negocio\BiblioTK.Negocio.csproj", "{F897D3B3-2F1C-435C-A73C-1DAC98F5E7E3}"
EndProject
Project("{FAE04EC0-301F-11D3-BF4B-00C04F79EFBC}") = "BiblioTK.MVC", "BiblioTK.MVC\BiblioTK.MVC.csproj", "{30BB90B1-F737-4778-9C70-1FAC71931AFF}"
EndProject
Project("{F184B08F-C81C-45F6-A57F-5ABD9991F28F}") = "BiblioTK.Usuarios", "BiblioTK.Usuarios\BiblioTK.Usuarios.vbproj", "{CC4A787E-66AA-41EE-B761-F4842422FFB0}"
EndProject
Global
	GlobalSection(SolutionConfigurationPlatforms) = preSolution
		Debug|Any CPU = Debug|Any CPU
		Release|Any CPU = Release|Any CPU
	EndGlobalSection
	GlobalSection(ProjectConfigurationPlatforms) = postSolution
		{3C7A6092-ED1C-4FBD-BFAC-95589C337DC8}.Debug|Any CPU.ActiveCfg = Debug|Any CPU
		{3C7A6092-ED1C-4FBD-BFAC-95589C337DC8}.Debug|Any CPU.Build.0 = Debug|Any CPU
		{3C7A6092-ED1C-4FBD-BFAC-95589C337DC8}.Release|Any CPU.ActiveCfg = Release|Any CPU
		{3C7A6092-ED1C-4FBD-BFAC-95589C337DC8}.Release|Any CPU.Build.0 = Release|Any CPU
		{E13BDAFD-E512-4781-853E-246EA306A832}.Debug|Any CPU.ActiveCfg = Debug|Any CPU
		{E13BDAFD-E512-4781-853E-246EA306A832}.Debug|Any CPU.Build.0 = Debug|Any CPU
		{E13BDAFD-E512-4781-853E-246EA306A832}.Release|Any CPU.ActiveCfg = Release|Any CPU
		{E13BDAFD-E512-4781-853E-246EA306A832}.Release|Any CPU.Build.0 = Release|Any CPU
		{35CEE7F2-E628-4319-95BD-60FCBC998930}.Debug|Any CPU.ActiveCfg = Debug|Any CPU
		{35CEE7F2-E628-4319-95BD-60FCBC998930}.Debug|Any CPU.Build.0 = Debug|Any CPU
		{35CEE7F2-E628-4319-95BD-60FCBC998930}.Release|Any CPU.ActiveCfg = Release|Any CPU
		{35CEE7F2-E628-4319-95BD-60FCBC998930}.Release|Any CPU.Build.0 = Release|Any CPU
		{B66690BA-A20B-4ABB-A037-33C056FEACAA}.Debug|Any CPU.ActiveCfg = Debug|Any CPU
		{B66690BA-A20B-4ABB-A037-33C056FEACAA}.Debug|Any CPU.Build.0 = Debug|Any CPU
		{B66690BA-A20B-4ABB-A037-33C056FEACAA}.Release|Any CPU.ActiveCfg = Release|Any CPU
		{B66690BA-A20B-4ABB-A037-33C056FEACAA}.Release|Any CPU.Build.0 = Release|Any CPU
		{4359AABA-131F-4056-97EB-8C78CB091491}.Debug|Any CPU.ActiveCfg = Debug|Any CPU
		{4359AABA-131F-4056-97EB-8C78CB091491}.Debug|Any CPU.Build.0 = Debug|Any CPU
		{4359AABA-131F-4056-97EB-8C78CB091491}.Release|Any CPU.ActiveCfg = Release|Any CPU
		{4359AABA-131F-4056-97EB-8C78CB091491}.Release|Any CPU.Build.0 = Release|Any CPU
		{F897D3B3-2F1C-435C-A73C-1DAC98F5E7E3}.Debug|Any CPU.ActiveCfg = Debug|Any CPU
		{F897D3B3-2F1C-435C-A73C-1DAC98F5E7E3}.Debug|Any CPU.Build.0 = Debug|Any CPU
		{F897D3B3-2F1C-435C-A73C-1DAC98F5E7E3}.Release|Any CPU.ActiveCfg = Release|Any CPU
		{F897D3B3-2F1C-435C-A73C-1DAC98F5E7E3}.Release|Any CPU.Build.0 = Release|Any CPU
		{30BB90B1-F737-4778-9C70-1FAC71931AFF}.Debug|Any CPU.ActiveCfg = Debug|Any CPU
		{30BB90B1-F737-4778-9C70-1FAC71931AFF}.Debug|Any CPU.Build.0 = Debug|Any CPU
		{30BB90B1-F737-4778-9C70-1FAC71931AFF}.Release|Any CPU.ActiveCfg = Release|Any CPU
		{30BB90B1-F737-4778-9C70-1FAC71931AFF}.Release|Any CPU.Build.0 = Release|Any CPU
		{CC4A787E-66AA-41EE-B761-F4842422FFB0}.Debug|Any CPU.ActiveCfg = Debug|Any CPU
		{CC4A787E-66AA-41EE-B761-F4842422FFB0}.Debug|Any CPU.Build.0 = Debug|Any CPU
		{CC4A787E-66AA-41EE-B761-F4842422FFB0}.Release|Any CPU.ActiveCfg = Release|Any CPU
		{CC4A787E-66AA-41EE-B761-F4842422FFB0}.Release|Any CPU.Build.0 = Release|Any CPU
	EndGlobalSection
	GlobalSection(SolutionProperties) = preSolution
		HideSolutionNode = FALSE
	EndGlobalSection
EndGlobal
